// !$*UTF8*$!
{
	archiveVersion = 1;
	classes = {
	};
	objectVersion = 48;
	objects = {

/* Begin PBXBuildFile section */
		9BB5FD3D2056628600619D72 /* AppDelegate.swift in Sources */ = {isa = PBXBuildFile; fileRef = 9BB5FD3C2056628600619D72 /* AppDelegate.swift */; };
		9BB5FD462056628600619D72 /* Main.storyboard in Resources */ = {isa = PBXBuildFile; fileRef = 9BB5FD442056628600619D72 /* Main.storyboard */; };
		9BB5FD482056628600619D72 /* Assets.xcassets in Resources */ = {isa = PBXBuildFile; fileRef = 9BB5FD472056628600619D72 /* Assets.xcassets */; };
		9BB5FD4B2056628600619D72 /* LaunchScreen.storyboard in Resources */ = {isa = PBXBuildFile; fileRef = 9BB5FD492056628600619D72 /* LaunchScreen.storyboard */; };
		9BB5FD63205668C000619D72 /* MusicVC.swift in Sources */ = {isa = PBXBuildFile; fileRef = 9BB5FD62205668C000619D72 /* MusicVC.swift */; };
		9BB5FD652056699400619D72 /* VideoVC.swift in Sources */ = {isa = PBXBuildFile; fileRef = 9BB5FD642056699400619D72 /* VideoVC.swift */; };
		9BB5FD6B20566C7E00619D72 /* FunPVC.swift in Sources */ = {isa = PBXBuildFile; fileRef = 9BB5FD6A20566C7E00619D72 /* FunPVC.swift */; };
		9BB5FD6D20566D8B00619D72 /* MomentsCVC.swift in Sources */ = {isa = PBXBuildFile; fileRef = 9BB5FD6C20566D8B00619D72 /* MomentsCVC.swift */; };
		9BB5FD6F20566E2A00619D72 /* MomentsCell.swift in Sources */ = {isa = PBXBuildFile; fileRef = 9BB5FD6E20566E2A00619D72 /* MomentsCell.swift */; };
		9BB5FD712056792C00619D72 /* K1.jpg in Resources */ = {isa = PBXBuildFile; fileRef = 9BB5FD702056792C00619D72 /* K1.jpg */; };
		9BB5FD7720567AB900619D72 /* P5.png in Resources */ = {isa = PBXBuildFile; fileRef = 9BB5FD7220567AB900619D72 /* P5.png */; };
		9BB5FD7820567AB900619D72 /* P2.jpg in Resources */ = {isa = PBXBuildFile; fileRef = 9BB5FD7320567AB900619D72 /* P2.jpg */; };
		9BB5FD7920567AB900619D72 /* P1.jpg in Resources */ = {isa = PBXBuildFile; fileRef = 9BB5FD7420567AB900619D72 /* P1.jpg */; };
		9BB5FD7A20567AB900619D72 /* P3.png in Resources */ = {isa = PBXBuildFile; fileRef = 9BB5FD7520567AB900619D72 /* P3.png */; };
		9BB5FD7B20567AB900619D72 /* P4.jpg in Resources */ = {isa = PBXBuildFile; fileRef = 9BB5FD7620567AB900619D72 /* P4.jpg */; };
		9BB5FD7D20567C7300619D72 /* P6.png in Resources */ = {isa = PBXBuildFile; fileRef = 9BB5FD7C20567C7300619D72 /* P6.png */; };
		9BB5FD7F20567F5400619D72 /* Toronto.mp4 in Resources */ = {isa = PBXBuildFile; fileRef = 9BB5FD7E20567F5300619D72 /* Toronto.mp4 */; };
		9BB5FD8120567F5B00619D72 /* Titanic.mp3 in Resources */ = {isa = PBXBuildFile; fileRef = 9BB5FD8020567F5B00619D72 /* Titanic.mp3 */; };
		9BB5FD8320568FCD00619D72 /* Music.swift in Sources */ = {isa = PBXBuildFile; fileRef = 9BB5FD8220568FCD00619D72 /* Music.swift */; };
		9BB5FD8520568FDE00619D72 /* Video.swift in Sources */ = {isa = PBXBuildFile; fileRef = 9BB5FD8420568FDE00619D72 /* Video.swift */; };
/* End PBXBuildFile section */

/* Begin PBXFileReference section */
		9BB5FD392056628600619D72 /* KHUSHBOO_CO684620_MAD3115_FT.app */ = {isa = PBXFileReference; explicitFileType = wrapper.application; includeInIndex = 0; path = KHUSHBOO_CO684620_MAD3115_FT.app; sourceTree = BUILT_PRODUCTS_DIR; };
		9BB5FD3C2056628600619D72 /* AppDelegate.swift */ = {isa = PBXFileReference; lastKnownFileType = sourcecode.swift; path = AppDelegate.swift; sourceTree = "<group>"; };
		9BB5FD452056628600619D72 /* Base */ = {isa = PBXFileReference; lastKnownFileType = file.storyboard; name = Base; path = Base.lproj/Main.storyboard; sourceTree = "<group>"; };
		9BB5FD472056628600619D72 /* Assets.xcassets */ = {isa = PBXFileReference; lastKnownFileType = folder.assetcatalog; path = Assets.xcassets; sourceTree = "<group>"; };
		9BB5FD4A2056628600619D72 /* Base */ = {isa = PBXFileReference; lastKnownFileType = file.storyboard; name = Base; path = Base.lproj/LaunchScreen.storyboard; sourceTree = "<group>"; };
		9BB5FD4C2056628600619D72 /* Info.plist */ = {isa = PBXFileReference; lastKnownFileType = text.plist.xml; path = Info.plist; sourceTree = "<group>"; };
		9BB5FD62205668C000619D72 /* MusicVC.swift */ = {isa = PBXFileReference; lastKnownFileType = sourcecode.swift; path = MusicVC.swift; sourceTree = "<group>"; };
		9BB5FD642056699400619D72 /* VideoVC.swift */ = {isa = PBXFileReference; lastKnownFileType = sourcecode.swift; path = VideoVC.swift; sourceTree = "<group>"; };
		9BB5FD6A20566C7E00619D72 /* FunPVC.swift */ = {isa = PBXFileReference; lastKnownFileType = sourcecode.swift; path = FunPVC.swift; sourceTree = "<group>"; };
		9BB5FD6C20566D8B00619D72 /* MomentsCVC.swift */ = {isa = PBXFileReference; lastKnownFileType = sourcecode.swift; path = MomentsCVC.swift; sourceTree = "<group>"; };
		9BB5FD6E20566E2A00619D72 /* MomentsCell.swift */ = {isa = PBXFileReference; lastKnownFileType = sourcecode.swift; path = MomentsCell.swift; sourceTree = "<group>"; };
		9BB5FD702056792C00619D72 /* K1.jpg */ = {isa = PBXFileReference; lastKnownFileType = image.jpeg; path = K1.jpg; sourceTree = "<group>"; };
		9BB5FD7220567AB900619D72 /* P5.png */ = {isa = PBXFileReference; lastKnownFileType = image.png; path = P5.png; sourceTree = "<group>"; };
		9BB5FD7320567AB900619D72 /* P2.jpg */ = {isa = PBXFileReference; lastKnownFileType = image.jpeg; path = P2.jpg; sourceTree = "<group>"; };
		9BB5FD7420567AB900619D72 /* P1.jpg */ = {isa = PBXFileReference; lastKnownFileType = image.jpeg; path = P1.jpg; sourceTree = "<group>"; };
		9BB5FD7520567AB900619D72 /* P3.png */ = {isa = PBXFileReference; lastKnownFileType = image.png; path = P3.png; sourceTree = "<group>"; };
		9BB5FD7620567AB900619D72 /* P4.jpg */ = {isa = PBXFileReference; lastKnownFileType = image.jpeg; path = P4.jpg; sourceTree = "<group>"; };
		9BB5FD7C20567C7300619D72 /* P6.png */ = {isa = PBXFileReference; lastKnownFileType = image.png; path = P6.png; sourceTree = "<group>"; };
		9BB5FD7E20567F5300619D72 /* Toronto.mp4 */ = {isa = PBXFileReference; lastKnownFileType = file; path = Toronto.mp4; sourceTree = "<group>"; };
		9BB5FD8020567F5B00619D72 /* Titanic.mp3 */ = {isa = PBXFileReference; lastKnownFileType = audio.mp3; path = Titanic.mp3; sourceTree = "<group>"; };
		9BB5FD8220568FCD00619D72 /* Music.swift */ = {isa = PBXFileReference; lastKnownFileType = sourcecode.swift; path = Music.swift; sourceTree = "<group>"; };
		9BB5FD8420568FDE00619D72 /* Video.swift */ = {isa = PBXFileReference; lastKnownFileType = sourcecode.swift; path = Video.swift; sourceTree = "<group>"; };
/* End PBXFileReference section */

/* Begin PBXFrameworksBuildPhase section */
		9BB5FD362056628600619D72 /* Frameworks */ = {
			isa = PBXFrameworksBuildPhase;
			buildActionMask = 2147483647;
			files = (
			);
			runOnlyForDeploymentPostprocessing = 0;
		};
/* End PBXFrameworksBuildPhase section */

/* Begin PBXGroup section */
		9BB5FD302056628600619D72 = {
			isa = PBXGroup;
			children = (
				9BB5FD3B2056628600619D72 /* KHUSHBOO_CO684620_MAD3115_FT */,
				9BB5FD3A2056628600619D72 /* Products */,
			);
			sourceTree = "<group>";
		};
		9BB5FD3A2056628600619D72 /* Products */ = {
			isa = PBXGroup;
			children = (
				9BB5FD392056628600619D72 /* KHUSHBOO_CO684620_MAD3115_FT.app */,
			);
			name = Products;
			sourceTree = "<group>";
		};
		9BB5FD3B2056628600619D72 /* KHUSHBOO_CO684620_MAD3115_FT */ = {
			isa = PBXGroup;
			children = (
				9BB5FD8020567F5B00619D72 /* Titanic.mp3 */,
				9BB5FD7E20567F5300619D72 /* Toronto.mp4 */,
				9BB5FD7C20567C7300619D72 /* P6.png */,
				9BB5FD7420567AB900619D72 /* P1.jpg */,
				9BB5FD7320567AB900619D72 /* P2.jpg */,
				9BB5FD7520567AB900619D72 /* P3.png */,
				9BB5FD7620567AB900619D72 /* P4.jpg */,
				9BB5FD7220567AB900619D72 /* P5.png */,
				9BB5FD702056792C00619D72 /* K1.jpg */,
				9BB5FD3C2056628600619D72 /* AppDelegate.swift */,
				9BB5FD442056628600619D72 /* Main.storyboard */,
				9BB5FD472056628600619D72 /* Assets.xcassets */,
				9BB5FD492056628600619D72 /* LaunchScreen.storyboard */,
				9BB5FD4C2056628600619D72 /* Info.plist */,
				9BB5FD6A20566C7E00619D72 /* FunPVC.swift */,
				9BB5FD6C20566D8B00619D72 /* MomentsCVC.swift */,
				9BB5FD6E20566E2A00619D72 /* MomentsCell.swift */,
				9BB5FD62205668C000619D72 /* MusicVC.swift */,
				9BB5FD642056699400619D72 /* VideoVC.swift */,
				9BB5FD8220568FCD00619D72 /* Music.swift */,
				9BB5FD8420568FDE00619D72 /* Video.swift */,
			);
			path = KHUSHBOO_CO684620_MAD3115_FT;
			sourceTree = "<group>";
		};
/* End PBXGroup section */

/* Begin PBXNativeTarget section */
		9BB5FD382056628600619D72 /* KHUSHBOO_CO684620_MAD3115_FT */ = {
			isa = PBXNativeTarget;
			buildConfigurationList = 9BB5FD4F2056628600619D72 /* Build configuration list for PBXNativeTarget "KHUSHBOO_CO684620_MAD3115_FT" */;
			buildPhases = (
				9BB5FD352056628600619D72 /* Sources */,
				9BB5FD362056628600619D72 /* Frameworks */,
				9BB5FD372056628600619D72 /* Resources */,
			);
			buildRules = (
			);
			dependencies = (
			);
			name = KHUSHBOO_CO684620_MAD3115_FT;
			productName = KHUSHBOO_CO684620_MAD3115_FT;
			productReference = 9BB5FD392056628600619D72 /* KHUSHBOO_CO684620_MAD3115_FT.app */;
			productType = "com.apple.product-type.application";
		};
/* End PBXNativeTarget section */

/* Begin PBXProject section */
		9BB5FD312056628600619D72 /* Project object */ = {
			isa = PBXProject;
			attributes = {
				LastSwiftUpdateCheck = 0920;
				LastUpgradeCheck = 0920;
				ORGANIZATIONNAME = MacStudent;
				TargetAttributes = {
					9BB5FD382056628600619D72 = {
						CreatedOnToolsVersion = 9.2;
						ProvisioningStyle = Automatic;
					};
				};
			};
			buildConfigurationList = 9BB5FD342056628600619D72 /* Build configuration list for PBXProject "KHUSHBOO_CO684620_MAD3115_FT" */;
			compatibilityVersion = "Xcode 8.0";
			developmentRegion = en;
			hasScannedForEncodings = 0;
			knownRegions = (
				en,
				Base,
			);
			mainGroup = 9BB5FD302056628600619D72;
			productRefGroup = 9BB5FD3A2056628600619D72 /* Products */;
			projectDirPath = "";
			projectRoot = "";
			targets = (
				9BB5FD382056628600619D72 /* KHUSHBOO_CO684620_MAD3115_FT */,
			);
		};
/* End PBXProject section */

/* Begin PBXResourcesBuildPhase section */
		9BB5FD372056628600619D72 /* Resources */ = {
			isa = PBXResourcesBuildPhase;
			buildActionMask = 2147483647;
			files = (
				9BB5FD7720567AB900619D72 /* P5.png in Resources */,
				9BB5FD4B2056628600619D72 /* LaunchScreen.storyboard in Resources */,
				9BB5FD7920567AB900619D72 /* P1.jpg in Resources */,
				9BB5FD712056792C00619D72 /* K1.jpg in Resources */,
				9BB5FD7A20567AB900619D72 /* P3.png in Resources */,
				9BB5FD8120567F5B00619D72 /* Titanic.mp3 in Resources */,
				9BB5FD7D20567C7300619D72 /* P6.png in Resources */,
				9BB5FD7820567AB900619D72 /* P2.jpg in Resources */,
				9BB5FD482056628600619D72 /* Assets.xcassets in Resources */,
				9BB5FD7B20567AB900619D72 /* P4.jpg in Resources */,
				9BB5FD462056628600619D72 /* Main.storyboard in Resources */,
				9BB5FD7F20567F5400619D72 /* Toronto.mp4 in Resources */,
			);
			runOnlyForDeploymentPostprocessing = 0;
		};
/* End PBXResourcesBuildPhase section */

/* Begin PBXSourcesBuildPhase section */
		9BB5FD352056628600619D72 /* Sources */ = {
			isa = PBXSourcesBuildPhase;
			buildActionMask = 2147483647;
			files = (
				9BB5FD6D20566D8B00619D72 /* MomentsCVC.swift in Sources */,
				9BB5FD652056699400619D72 /* VideoVC.swift in Sources */,
				9BB5FD3D2056628600619D72 /* AppDelegate.swift in Sources */,
				9BB5FD6F20566E2A00619D72 /* MomentsCell.swift in Sources */,
				9BB5FD8320568FCD00619D72 /* Music.swift in Sources */,
				9BB5FD8520568FDE00619D72 /* Video.swift in Sources */,
				9BB5FD63205668C000619D72 /* MusicVC.swift in Sources */,
				9BB5FD6B20566C7E00619D72 /* FunPVC.swift in Sources */,
			);
			runOnlyForDeploymentPostprocessing = 0;
		};
/* End PBXSourcesBuildPhase section */

/* Begin PBXVariantGroup section */
		9BB5FD442056628600619D72 /* Main.storyboard */ = {
			isa = PBXVariantGroup;
			children = (
				9BB5FD452056628600619D72 /* Base */,
			);
			name = Main.storyboard;
			sourceTree = "<group>";
		};
		9BB5FD492056628600619D72 /* LaunchScreen.storyboard */ = {
			isa = PBXVariantGroup;
			children = (
				9BB5FD4A2056628600619D72 /* Base */,
			);
			name = LaunchScreen.storyboard;
			sourceTree = "<group>";
		};
/* End PBXVariantGroup section */

/* Begin XCBuildConfiguration section */
		9BB5FD4D2056628600619D72 /* Debug */ = {
			isa = XCBuildConfiguration;
			buildSettings = {
				ALWAYS_SEARCH_USER_PATHS = NO;
				CLANG_ANALYZER_NONNULL = YES;
				CLANG_ANALYZER_NUMBER_OBJECT_CONVERSION = YES_AGGRESSIVE;
				CLANG_CXX_LANGUAGE_STANDARD = "gnu++14";
				CLANG_CXX_LIBRARY = "libc++";
				CLANG_ENABLE_MODULES = YES;
				CLANG_ENABLE_OBJC_ARC = YES;
				CLANG_WARN_BLOCK_CAPTURE_AUTORELEASING = YES;
				CLANG_WARN_BOOL_CONVERSION = YES;
				CLANG_WARN_COMMA = YES;
				CLANG_WARN_CONSTANT_CONVERSION = YES;
				CLANG_WARN_DIRECT_OBJC_ISA_USAGE = YES_ERROR;
				CLANG_WARN_DOCUMENTATION_COMMENTS = YES;
				CLANG_WARN_EMPTY_BODY = YES;
				CLANG_WARN_ENUM_CONVERSION = YES;
				CLANG_WARN_INFINITE_RECURSION = YES;
				CLANG_WARN_INT_CONVERSION = YES;
				CLANG_WARN_NON_LITERAL_NULL_CONVERSION = YES;
				CLANG_WARN_OBJC_LITERAL_CONVERSION = YES;
				CLANG_WARN_OBJC_ROOT_CLASS = YES_ERROR;
				CLANG_WARN_RANGE_LOOP_ANALYSIS = YES;
				CLANG_WARN_STRICT_PROTOTYPES = YES;
				CLANG_WARN_SUSPICIOUS_MOVE = YES;
				CLANG_WARN_UNGUARDED_AVAILABILITY = YES_AGGRESSIVE;
				CLANG_WARN_UNREACHABLE_CODE = YES;
				CLANG_WARN__DUPLICATE_METHOD_MATCH = YES;
				CODE_SIGN_IDENTITY = "iPhone Developer";
				COPY_PHASE_STRIP = NO;
				DEBUG_INFORMATION_FORMAT = dwarf;
				ENABLE_STRICT_OBJC_MSGSEND = YES;
				ENABLE_TESTABILITY = YES;
				GCC_C_LANGUAGE_STANDARD = gnu11;
				GCC_DYNAMIC_NO_PIC = NO;
				GCC_NO_COMMON_BLOCKS = YES;
				GCC_OPTIMIZATION_LEVEL = 0;
				GCC_PREPROCESSOR_DEFINITIONS = (
					"DEBUG=1",
					"$(inherited)",
				);
				GCC_WARN_64_TO_32_BIT_CONVERSION = YES;
				GCC_WARN_ABOUT_RETURN_TYPE = YES_ERROR;
				GCC_WARN_UNDECLARED_SELECTOR = YES;
				GCC_WARN_UNINITIALIZED_AUTOS = YES_AGGRESSIVE;
				GCC_WARN_UNUSED_FUNCTION = YES;
				GCC_WARN_UNUSED_VARIABLE = YES;
				IPHONEOS_DEPLOYMENT_TARGET = 11.2;
				MTL_ENABLE_DEBUG_INFO = YES;
				ONLY_ACTIVE_ARCH = YES;
				SDKROOT = iphoneos;
				SWIFT_ACTIVE_COMPILATION_CONDITIONS = DEBUG;
				SWIFT_OPTIMIZATION_LEVEL = "-Onone";
			};
			name = Debug;
		};
		9BB5FD4E2056628600619D72 /* Release */ = {
			isa = XCBuildConfiguration;
			buildSettings = {
				ALWAYS_SEARCH_USER_PATHS = NO;
				CLANG_ANALYZER_NONNULL = YES;
				CLANG_ANALYZER_NUMBER_OBJECT_CONVERSION = YES_AGGRESSIVE;
				CLANG_CXX_LANGUAGE_STANDARD = "gnu++14";
				CLANG_CXX_LIBRARY = "libc++";
				CLANG_ENABLE_MODULES = YES;
				CLANG_ENABLE_OBJC_ARC = YES;
				CLANG_WARN_BLOCK_CAPTURE_AUTORELEASING = YES;
				CLANG_WARN_BOOL_CONVERSION = YES;
				CLANG_WARN_COMMA = YES;
				CLANG_WARN_CONSTANT_CONVERSION = YES;
				CLANG_WARN_DIRECT_OBJC_ISA_USAGE = YES_ERROR;
				CLANG_WARN_DOCUMENTATION_COMMENTS = YES;
				CLANG_WARN_EMPTY_BODY = YES;
				CLANG_WARN_ENUM_CONVERSION = YES;
				CLANG_WARN_INFINITE_RECURSION = YES;
				CLANG_WARN_INT_CONVERSION = YES;
				CLANG_WARN_NON_LITERAL_NULL_CONVERSION = YES;
				CLANG_WARN_OBJC_LITERAL_CONVERSION = YES;
				CLANG_WARN_OBJC_ROOT_CLASS = YES_ERROR;
				CLANG_WARN_RANGE_LOOP_ANALYSIS = YES;
				CLANG_WARN_STRICT_PROTOTYPES = YES;
				CLANG_WARN_SUSPICIOUS_MOVE = YES;
				CLANG_WARN_UNGUARDED_AVAILABILITY = YES_AGGRESSIVE;
				CLANG_WARN_UNREACHABLE_CODE = YES;
				CLANG_WARN__DUPLICATE_METHOD_MATCH = YES;
				CODE_SIGN_IDENTITY = "iPhone Developer";
				COPY_PHASE_STRIP = NO;
				DEBUG_INFORMATION_FORMAT = "dwarf-with-dsym";
				ENABLE_NS_ASSERTIONS = NO;
				ENABLE_STRICT_OBJC_MSGSEND = YES;
				GCC_C_LANGUAGE_STANDARD = gnu11;
				GCC_NO_COMMON_BLOCKS = YES;
				GCC_WARN_64_TO_32_BIT_CONVERSION = YES;
				GCC_WARN_ABOUT_RETURN_TYPE = YES_ERROR;
				GCC_WARN_UNDECLARED_SELECTOR = YES;
				GCC_WARN_UNINITIALIZED_AUTOS = YES_AGGRESSIVE;
				GCC_WARN_UNUSED_FUNCTION = YES;
				GCC_WARN_UNUSED_VARIABLE = YES;
				IPHONEOS_DEPLOYMENT_TARGET = 11.2;
				MTL_ENABLE_DEBUG_INFO = NO;
				SDKROOT = iphoneos;
				SWIFT_OPTIMIZATION_LEVEL = "-Owholemodule";
				VALIDATE_PRODUCT = YES;
			};
			name = Release;
		};
		9BB5FD502056628600619D72 /* Debug */ = {
			isa = XCBuildConfiguration;
			buildSettings = {
				ASSETCATALOG_COMPILER_APPICON_NAME = AppIcon;
				CODE_SIGN_STYLE = Automatic;
				INFOPLIST_FILE = KHUSHBOO_CO684620_MAD3115_FT/Info.plist;
				LD_RUNPATH_SEARCH_PATHS = "$(inherited) @executable_path/Frameworks";
				PRODUCT_BUNDLE_IDENTIFIER = "CestarCollege.KHUSHBOO-CO684620-MAD3115-FT";
				PRODUCT_NAME = "$(TARGET_NAME)";
				SWIFT_VERSION = 4.0;
				TARGETED_DEVICE_FAMILY = "1,2";
			};
			name = Debug;
		};
		9BB5FD512056628600619D72 /* Release */ = {
			isa = XCBuildConfiguration;
			buildSettings = {
				ASSETCATALOG_COMPILER_APPICON_NAME = AppIcon;
				CODE_SIGN_STYLE = Automatic;
				INFOPLIST_FILE = KHUSHBOO_CO684620_MAD3115_FT/Info.plist;
				LD_RUNPATH_SEARCH_PATHS = "$(inherited) @executable_path/Frameworks";
				PRODUCT_BUNDLE_IDENTIFIER = "CestarCollege.KHUSHBOO-CO684620-MAD3115-FT";
				PRODUCT_NAME = "$(TARGET_NAME)";
				SWIFT_VERSION = 4.0;
				TARGETED_DEVICE_FAMILY = "1,2";
			};
			name = Release;
		};
/* End XCBuildConfiguration section */

/* Begin XCConfigurationList section */
		9BB5FD342056628600619D72 /* Build configuration list for PBXProject "KHUSHBOO_CO684620_MAD3115_FT" */ = {
			isa = XCConfigurationList;
			buildConfigurations = (
				9BB5FD4D2056628600619D72 /* Debug */,
				9BB5FD4E2056628600619D72 /* Release */,
			);
			defaultConfigurationIsVisible = 0;
			defaultConfigurationName = Release;
		};
		9BB5FD4F2056628600619D72 /* Build configuration list for PBXNativeTarget "KHUSHBOO_CO684620_MAD3115_FT" */ = {
			isa = XCConfigurationList;
			buildConfigurations = (
				9BB5FD502056628600619D72 /* Debug */,
				9BB5FD512056628600619D72 /* Release */,
			);
			defaultConfigurationIsVisible = 0;
			defaultConfigurationName = Release;
		};
/* End XCConfigurationList section */
	};
	rootObject = 9BB5FD312056628600619D72 /* Project object */;
}
