// !$*UTF8*$!
{
	archiveVersion = 1;
	classes = {
	};
	objectVersion = 48;
	objects = {

/* Begin PBXBuildFile section */
		9B719FE52052A99700819D58 /* AppDelegate.swift in Sources */ = {isa = PBXBuildFile; fileRef = 9B719FE42052A99700819D58 /* AppDelegate.swift */; };
		9B719FE72052A99700819D58 /* ViewController.swift in Sources */ = {isa = PBXBuildFile; fileRef = 9B719FE62052A99700819D58 /* ViewController.swift */; };
		9B719FEA2052A99700819D58 /* Main.storyboard in Resources */ = {isa = PBXBuildFile; fileRef = 9B719FE82052A99700819D58 /* Main.storyboard */; };
		9B719FED2052A99700819D58 /* DAY12_PLAY_AUDIO.xcdatamodeld in Sources */ = {isa = PBXBuildFile; fileRef = 9B719FEB2052A99700819D58 /* DAY12_PLAY_AUDIO.xcdatamodeld */; };
		9B719FEF2052A99700819D58 /* Assets.xcassets in Resources */ = {isa = PBXBuildFile; fileRef = 9B719FEE2052A99700819D58 /* Assets.xcassets */; };
		9B719FF22052A99700819D58 /* LaunchScreen.storyboard in Resources */ = {isa = PBXBuildFile; fileRef = 9B719FF02052A99700819D58 /* LaunchScreen.storyboard */; };
		9B719FFA2052B12E00819D58 /* Titanic.mp3 in Resources */ = {isa = PBXBuildFile; fileRef = 9B719FF92052B12D00819D58 /* Titanic.mp3 */; };
/* End PBXBuildFile section */

/* Begin PBXFileReference section */
		9B719FE12052A99700819D58 /* DAY12_PLAY_AUDIO.app */ = {isa = PBXFileReference; explicitFileType = wrapper.application; includeInIndex = 0; path = DAY12_PLAY_AUDIO.app; sourceTree = BUILT_PRODUCTS_DIR; };
		9B719FE42052A99700819D58 /* AppDelegate.swift */ = {isa = PBXFileReference; lastKnownFileType = sourcecode.swift; path = AppDelegate.swift; sourceTree = "<group>"; };
		9B719FE62052A99700819D58 /* ViewController.swift */ = {isa = PBXFileReference; lastKnownFileType = sourcecode.swift; path = ViewController.swift; sourceTree = "<group>"; };
		9B719FE92052A99700819D58 /* Base */ = {isa = PBXFileReference; lastKnownFileType = file.storyboard; name = Base; path = Base.lproj/Main.storyboard; sourceTree = "<group>"; };
		9B719FEC2052A99700819D58 /* DAY12_PLAY_AUDIO.xcdatamodel */ = {isa = PBXFileReference; lastKnownFileType = wrapper.xcdatamodel; path = DAY12_PLAY_AUDIO.xcdatamodel; sourceTree = "<group>"; };
		9B719FEE2052A99700819D58 /* Assets.xcassets */ = {isa = PBXFileReference; lastKnownFileType = folder.assetcatalog; path = Assets.xcassets; sourceTree = "<group>"; };
		9B719FF12052A99700819D58 /* Base */ = {isa = PBXFileReference; lastKnownFileType = file.storyboard; name = Base; path = Base.lproj/LaunchScreen.storyboard; sourceTree = "<group>"; };
		9B719FF32052A99700819D58 /* Info.plist */ = {isa = PBXFileReference; lastKnownFileType = text.plist.xml; path = Info.plist; sourceTree = "<group>"; };
		9B719FF92052B12D00819D58 /* Titanic.mp3 */ = {isa = PBXFileReference; lastKnownFileType = audio.mp3; name = Titanic.mp3; path = ../../ExampleAudio/ExampleAudio/Titanic.mp3; sourceTree = "<group>"; };
/* End PBXFileReference section */

/* Begin PBXFrameworksBuildPhase section */
		9B719FDE2052A99700819D58 /* Frameworks */ = {
			isa = PBXFrameworksBuildPhase;
			buildActionMask = 2147483647;
			files = (
			);
			runOnlyForDeploymentPostprocessing = 0;
		};
/* End PBXFrameworksBuildPhase section */

/* Begin PBXGroup section */
		9B719FD82052A99700819D58 = {
			isa = PBXGroup;
			children = (
				9B719FE32052A99700819D58 /* DAY12_PLAY_AUDIO */,
				9B719FE22052A99700819D58 /* Products */,
			);
			sourceTree = "<group>";
		};
		9B719FE22052A99700819D58 /* Products */ = {
			isa = PBXGroup;
			children = (
				9B719FE12052A99700819D58 /* DAY12_PLAY_AUDIO.app */,
			);
			name = Products;
			sourceTree = "<group>";
		};
		9B719FE32052A99700819D58 /* DAY12_PLAY_AUDIO */ = {
			isa = PBXGroup;
			children = (
				9B719FF92052B12D00819D58 /* Titanic.mp3 */,
				9B719FE42052A99700819D58 /* AppDelegate.swift */,
				9B719FE62052A99700819D58 /* ViewController.swift */,
				9B719FE82052A99700819D58 /* Main.storyboard */,
				9B719FEE2052A99700819D58 /* Assets.xcassets */,
				9B719FF02052A99700819D58 /* LaunchScreen.storyboard */,
				9B719FF32052A99700819D58 /* Info.plist */,
				9B719FEB2052A99700819D58 /* DAY12_PLAY_AUDIO.xcdatamodeld */,
			);
			path = DAY12_PLAY_AUDIO;
			sourceTree = "<group>";
		};
/* End PBXGroup section */

/* Begin PBXNativeTarget section */
		9B719FE02052A99700819D58 /* DAY12_PLAY_AUDIO */ = {
			isa = PBXNativeTarget;
			buildConfigurationList = 9B719FF62052A99700819D58 /* Build configuration list for PBXNativeTarget "DAY12_PLAY_AUDIO" */;
			buildPhases = (
				9B719FDD2052A99700819D58 /* Sources */,
				9B719FDE2052A99700819D58 /* Frameworks */,
				9B719FDF2052A99700819D58 /* Resources */,
			);
			buildRules = (
			);
			dependencies = (
			);
			name = DAY12_PLAY_AUDIO;
			productName = DAY12_PLAY_AUDIO;
			productReference = 9B719FE12052A99700819D58 /* DAY12_PLAY_AUDIO.app */;
			productType = "com.apple.product-type.application";
		};
/* End PBXNativeTarget section */

/* Begin PBXProject section */
		9B719FD92052A99700819D58 /* Project object */ = {
			isa = PBXProject;
			attributes = {
				LastSwiftUpdateCheck = 0920;
				LastUpgradeCheck = 0920;
				ORGANIZATIONNAME = MacStudent;
				TargetAttributes = {
					9B719FE02052A99700819D58 = {
						CreatedOnToolsVersion = 9.2;
						ProvisioningStyle = Automatic;
					};
				};
			};
			buildConfigurationList = 9B719FDC2052A99700819D58 /* Build configuration list for PBXProject "DAY12_PLAY_AUDIO" */;
			compatibilityVersion = "Xcode 8.0";
			developmentRegion = en;
			hasScannedForEncodings = 0;
			knownRegions = (
				en,
				Base,
			);
			mainGroup = 9B719FD82052A99700819D58;
			productRefGroup = 9B719FE22052A99700819D58 /* Products */;
			projectDirPath = "";
			projectRoot = "";
			targets = (
				9B719FE02052A99700819D58 /* DAY12_PLAY_AUDIO */,
			);
		};
/* End PBXProject section */

/* Begin PBXResourcesBuildPhase section */
		9B719FDF2052A99700819D58 /* Resources */ = {
			isa = PBXResourcesBuildPhase;
			buildActionMask = 2147483647;
			files = (
				9B719FF22052A99700819D58 /* LaunchScreen.storyboard in Resources */,
				9B719FFA2052B12E00819D58 /* Titanic.mp3 in Resources */,
				9B719FEF2052A99700819D58 /* Assets.xcassets in Resources */,
				9B719FEA2052A99700819D58 /* Main.storyboard in Resources */,
			);
			runOnlyForDeploymentPostprocessing = 0;
		};
/* End PBXResourcesBuildPhase section */

/* Begin PBXSourcesBuildPhase section */
		9B719FDD2052A99700819D58 /* Sources */ = {
			isa = PBXSourcesBuildPhase;
			buildActionMask = 2147483647;
			files = (
				9B719FED2052A99700819D58 /* DAY12_PLAY_AUDIO.xcdatamodeld in Sources */,
				9B719FE72052A99700819D58 /* ViewController.swift in Sources */,
				9B719FE52052A99700819D58 /* AppDelegate.swift in Sources */,
			);
			runOnlyForDeploymentPostprocessing = 0;
		};
/* End PBXSourcesBuildPhase section */

/* Begin PBXVariantGroup section */
		9B719FE82052A99700819D58 /* Main.storyboard */ = {
			isa = PBXVariantGroup;
			children = (
				9B719FE92052A99700819D58 /* Base */,
			);
			name = Main.storyboard;
			sourceTree = "<group>";
		};
		9B719FF02052A99700819D58 /* LaunchScreen.storyboard */ = {
			isa = PBXVariantGroup;
			children = (
				9B719FF12052A99700819D58 /* Base */,
			);
			name = LaunchScreen.storyboard;
			sourceTree = "<group>";
		};
/* End PBXVariantGroup section */

/* Begin XCBuildConfiguration section */
		9B719FF42052A99700819D58 /* Debug */ = {
			isa = XCBuildConfiguration;
			buildSettings = {
				ALWAYS_SEARCH_USER_PATHS = NO;
				CLANG_ANALYZER_NONNULL = YES;
				CLANG_ANALYZER_NUMBER_OBJECT_CONVERSION = YES_AGGRESSIVE;
				CLANG_CXX_LANGUAGE_STANDARD = "gnu++14";
				CLANG_CXX_LIBRARY = "libc++";
				CLANG_ENABLE_MODULES = YES;
				CLANG_ENABLE_OBJC_ARC = YES;
				CLANG_WARN_BLOCK_CAPTURE_AUTORELEASING = YES;
				CLANG_WARN_BOOL_CONVERSION = YES;
				CLANG_WARN_COMMA = YES;
				CLANG_WARN_CONSTANT_CONVERSION = YES;
				CLANG_WARN_DIRECT_OBJC_ISA_USAGE = YES_ERROR;
				CLANG_WARN_DOCUMENTATION_COMMENTS = YES;
				CLANG_WARN_EMPTY_BODY = YES;
				CLANG_WARN_ENUM_CONVERSION = YES;
				CLANG_WARN_INFINITE_RECURSION = YES;
				CLANG_WARN_INT_CONVERSION = YES;
				CLANG_WARN_NON_LITERAL_NULL_CONVERSION = YES;
				CLANG_WARN_OBJC_LITERAL_CONVERSION = YES;
				CLANG_WARN_OBJC_ROOT_CLASS = YES_ERROR;
				CLANG_WARN_RANGE_LOOP_ANALYSIS = YES;
				CLANG_WARN_STRICT_PROTOTYPES = YES;
				CLANG_WARN_SUSPICIOUS_MOVE = YES;
				CLANG_WARN_UNGUARDED_AVAILABILITY = YES_AGGRESSIVE;
				CLANG_WARN_UNREACHABLE_CODE = YES;
				CLANG_WARN__DUPLICATE_METHOD_MATCH = YES;
				CODE_SIGN_IDENTITY = "iPhone Developer";
				COPY_PHASE_STRIP = NO;
				DEBUG_INFORMATION_FORMAT = dwarf;
				ENABLE_STRICT_OBJC_MSGSEND = YES;
				ENABLE_TESTABILITY = YES;
				GCC_C_LANGUAGE_STANDARD = gnu11;
				GCC_DYNAMIC_NO_PIC = NO;
				GCC_NO_COMMON_BLOCKS = YES;
				GCC_OPTIMIZATION_LEVEL = 0;
				GCC_PREPROCESSOR_DEFINITIONS = (
					"DEBUG=1",
					"$(inherited)",
				);
				GCC_WARN_64_TO_32_BIT_CONVERSION = YES;
				GCC_WARN_ABOUT_RETURN_TYPE = YES_ERROR;
				GCC_WARN_UNDECLARED_SELECTOR = YES;
				GCC_WARN_UNINITIALIZED_AUTOS = YES_AGGRESSIVE;
				GCC_WARN_UNUSED_FUNCTION = YES;
				GCC_WARN_UNUSED_VARIABLE = YES;
				IPHONEOS_DEPLOYMENT_TARGET = 11.2;
				MTL_ENABLE_DEBUG_INFO = YES;
				ONLY_ACTIVE_ARCH = YES;
				SDKROOT = iphoneos;
				SWIFT_ACTIVE_COMPILATION_CONDITIONS = DEBUG;
				SWIFT_OPTIMIZATION_LEVEL = "-Onone";
			};
			name = Debug;
		};
		9B719FF52052A99700819D58 /* Release */ = {
			isa = XCBuildConfiguration;
			buildSettings = {
				ALWAYS_SEARCH_USER_PATHS = NO;
				CLANG_ANALYZER_NONNULL = YES;
				CLANG_ANALYZER_NUMBER_OBJECT_CONVERSION = YES_AGGRESSIVE;
				CLANG_CXX_LANGUAGE_STANDARD = "gnu++14";
				CLANG_CXX_LIBRARY = "libc++";
				CLANG_ENABLE_MODULES = YES;
				CLANG_ENABLE_OBJC_ARC = YES;
				CLANG_WARN_BLOCK_CAPTURE_AUTORELEASING = YES;
				CLANG_WARN_BOOL_CONVERSION = YES;
				CLANG_WARN_COMMA = YES;
				CLANG_WARN_CONSTANT_CONVERSION = YES;
				CLANG_WARN_DIRECT_OBJC_ISA_USAGE = YES_ERROR;
				CLANG_WARN_DOCUMENTATION_COMMENTS = YES;
				CLANG_WARN_EMPTY_BODY = YES;
				CLANG_WARN_ENUM_CONVERSION = YES;
				CLANG_WARN_INFINITE_RECURSION = YES;
				CLANG_WARN_INT_CONVERSION = YES;
				CLANG_WARN_NON_LITERAL_NULL_CONVERSION = YES;
				CLANG_WARN_OBJC_LITERAL_CONVERSION = YES;
				CLANG_WARN_OBJC_ROOT_CLASS = YES_ERROR;
				CLANG_WARN_RANGE_LOOP_ANALYSIS = YES;
				CLANG_WARN_STRICT_PROTOTYPES = YES;
				CLANG_WARN_SUSPICIOUS_MOVE = YES;
				CLANG_WARN_UNGUARDED_AVAILABILITY = YES_AGGRESSIVE;
				CLANG_WARN_UNREACHABLE_CODE = YES;
				CLANG_WARN__DUPLICATE_METHOD_MATCH = YES;
				CODE_SIGN_IDENTITY = "iPhone Developer";
				COPY_PHASE_STRIP = NO;
				DEBUG_INFORMATION_FORMAT = "dwarf-with-dsym";
				ENABLE_NS_ASSERTIONS = NO;
				ENABLE_STRICT_OBJC_MSGSEND = YES;
				GCC_C_LANGUAGE_STANDARD = gnu11;
				GCC_NO_COMMON_BLOCKS = YES;
				GCC_WARN_64_TO_32_BIT_CONVERSION = YES;
				GCC_WARN_ABOUT_RETURN_TYPE = YES_ERROR;
				GCC_WARN_UNDECLARED_SELECTOR = YES;
				GCC_WARN_UNINITIALIZED_AUTOS = YES_AGGRESSIVE;
				GCC_WARN_UNUSED_FUNCTION = YES;
				GCC_WARN_UNUSED_VARIABLE = YES;
				IPHONEOS_DEPLOYMENT_TARGET = 11.2;
				MTL_ENABLE_DEBUG_INFO = NO;
				SDKROOT = iphoneos;
				SWIFT_OPTIMIZATION_LEVEL = "-Owholemodule";
				VALIDATE_PRODUCT = YES;
			};
			name = Release;
		};
		9B719FF72052A99700819D58 /* Debug */ = {
			isa = XCBuildConfiguration;
			buildSettings = {
				ASSETCATALOG_COMPILER_APPICON_NAME = AppIcon;
				CODE_SIGN_STYLE = Automatic;
				INFOPLIST_FILE = DAY12_PLAY_AUDIO/Info.plist;
				LD_RUNPATH_SEARCH_PATHS = "$(inherited) @executable_path/Frameworks";
				PRODUCT_BUNDLE_IDENTIFIER = "CestarCollege.DAY12-PLAY-AUDIO";
				PRODUCT_NAME = "$(TARGET_NAME)";
				SWIFT_VERSION = 4.0;
				TARGETED_DEVICE_FAMILY = "1,2";
			};
			name = Debug;
		};
		9B719FF82052A99700819D58 /* Release */ = {
			isa = XCBuildConfiguration;
			buildSettings = {
				ASSETCATALOG_COMPILER_APPICON_NAME = AppIcon;
				CODE_SIGN_STYLE = Automatic;
				INFOPLIST_FILE = DAY12_PLAY_AUDIO/Info.plist;
				LD_RUNPATH_SEARCH_PATHS = "$(inherited) @executable_path/Frameworks";
				PRODUCT_BUNDLE_IDENTIFIER = "CestarCollege.DAY12-PLAY-AUDIO";
				PRODUCT_NAME = "$(TARGET_NAME)";
				SWIFT_VERSION = 4.0;
				TARGETED_DEVICE_FAMILY = "1,2";
			};
			name = Release;
		};
/* End XCBuildConfiguration section */

/* Begin XCConfigurationList section */
		9B719FDC2052A99700819D58 /* Build configuration list for PBXProject "DAY12_PLAY_AUDIO" */ = {
			isa = XCConfigurationList;
			buildConfigurations = (
				9B719FF42052A99700819D58 /* Debug */,
				9B719FF52052A99700819D58 /* Release */,
			);
			defaultConfigurationIsVisible = 0;
			defaultConfigurationName = Release;
		};
		9B719FF62052A99700819D58 /* Build configuration list for PBXNativeTarget "DAY12_PLAY_AUDIO" */ = {
			isa = XCConfigurationList;
			buildConfigurations = (
				9B719FF72052A99700819D58 /* Debug */,
				9B719FF82052A99700819D58 /* Release */,
			);
			defaultConfigurationIsVisible = 0;
			defaultConfigurationName = Release;
		};
/* End XCConfigurationList section */

/* Begin XCVersionGroup section */
		9B719FEB2052A99700819D58 /* DAY12_PLAY_AUDIO.xcdatamodeld */ = {
			isa = XCVersionGroup;
			children = (
				9B719FEC2052A99700819D58 /* DAY12_PLAY_AUDIO.xcdatamodel */,
			);
			currentVersion = 9B719FEC2052A99700819D58 /* DAY12_PLAY_AUDIO.xcdatamodel */;
			path = DAY12_PLAY_AUDIO.xcdatamodeld;
			sourceTree = "<group>";
			versionGroupType = wrapper.xcdatamodel;
		};
/* End XCVersionGroup section */
	};
	rootObject = 9B719FD92052A99700819D58 /* Project object */;
}
